
Microsoft Visual Studio Solution File, Format Version 12.00
# Visual Studio 15
VisualStudioVersion = 15.0.27004.2005
MinimumVisualStudioVersion = 10.0.40219.1
Project("{9A19103F-16F7-4668-BE54-9A1E7A4F7556}") = "MediaMarkup", "src\MediaMarkup\MediaMarkup.csproj", "{4F440A57-0B66-4C61-A325-1F9CE0A11DB1}"
EndProject
Project("{9A19103F-16F7-4668-BE54-9A1E7A4F7556}") = "MediaMarkup.Tests", "src\MediaMarkup.Tests\MediaMarkup.Tests.csproj", "{A3A2DFF3-0560-4D95-BD37-42DD10869FB9}"
EndProject
Global
	GlobalSection(SolutionConfigurationPlatforms) = preSolution
		Debug|Any CPU = Debug|Any CPU
		Release|Any CPU = Release|Any CPU
	EndGlobalSection
	GlobalSection(ProjectConfigurationPlatforms) = postSolution
		{4F440A57-0B66-4C61-A325-1F9CE0A11DB1}.Debug|Any CPU.ActiveCfg = Debug|Any CPU
		{4F440A57-0B66-4C61-A325-1F9CE0A11DB1}.Debug|Any CPU.Build.0 = Debug|Any CPU
		{4F440A57-0B66-4C61-A325-1F9CE0A11DB1}.Release|Any CPU.ActiveCfg = Release|Any CPU
		{4F440A57-0B66-4C61-A325-1F9CE0A11DB1}.Release|Any CPU.Build.0 = Release|Any CPU
		{A3A2DFF3-0560-4D95-BD37-42DD10869FB9}.Debug|Any CPU.ActiveCfg = Debug|Any CPU
		{A3A2DFF3-0560-4D95-BD37-42DD10869FB9}.Debug|Any CPU.Build.0 = Debug|Any CPU
		{A3A2DFF3-0560-4D95-BD37-42DD10869FB9}.Release|Any CPU.ActiveCfg = Release|Any CPU
		{A3A2DFF3-0560-4D95-BD37-42DD10869FB9}.Release|Any CPU.Build.0 = Release|Any CPU
	EndGlobalSection
	GlobalSection(SolutionProperties) = preSolution
		HideSolutionNode = FALSE
	EndGlobalSection
	GlobalSection(ExtensibilityGlobals) = postSolution
		SolutionGuid = {96A89311-C1F7-439B-B911-B65C42FDEBE1}
	EndGlobalSection
EndGlobal
